
Microsoft Visual Studio Solution File, Format Version 12.00
# Visual Studio Version 17
VisualStudioVersion = 17.0.31903.59
MinimumVisualStudioVersion = 10.0.40219.1
Project("{2150E333-8FDC-42A3-9474-1A3956D46DE8}") = "src", "src", "{827E0CD3-B72D-47B6-A68D-7590B98EB39B}"
EndProject
Project("{FAE04EC0-301F-11D3-BF4B-00C04F79EFBC}") = "FusionApp", "src\FusionApp\FusionApp.csproj", "{E333B9B1-F0FC-43D3-AE5C-BFD101C909F1}"
EndProject
Project("{FAE04EC0-301F-11D3-BF4B-00C04F79EFBC}") = "FusionConfig", "src\FusionConfig\FusionConfig.csproj", "{2E01C416-08D2-4770-9440-36510923A609}"
EndProject
Project("{FAE04EC0-301F-11D3-BF4B-00C04F79EFBC}") = "FusionDomain", "src\FusionDomain\FusionDomain.csproj", "{510F32BA-0A1B-4A88-81C3-9ADE2220A40A}"
EndProject
Project("{FAE04EC0-301F-11D3-BF4B-00C04F79EFBC}") = "FusionEquipment.Abstractions", "src\FusionEquipment.Abstractions\FusionEquipment.Abstractions.csproj", "{D1959DBC-63D2-472B-B446-5C6CE740E449}"
EndProject
Project("{FAE04EC0-301F-11D3-BF4B-00C04F79EFBC}") = "FusionFA", "src\FusionFA\FusionFA.csproj", "{68FB62DD-5339-4E65-BAE6-AE75EFAAB29F}"
EndProject
Project("{FAE04EC0-301F-11D3-BF4B-00C04F79EFBC}") = "FusionKernel", "src\FusionKernel\FusionKernel.csproj", "{6FE01D0D-7905-48E2-B12F-875501FC38A1}"
EndProject
Project("{FAE04EC0-301F-11D3-BF4B-00C04F79EFBC}") = "FusionLog", "src\FusionLog\FusionLog.csproj", "{6DA59B32-0FAA-48F2-825E-42D75DAAC145}"
EndProject
Project("{FAE04EC0-301F-11D3-BF4B-00C04F79EFBC}") = "FusionScheduler", "src\FusionScheduler\FusionScheduler.csproj", "{662C0F4B-EBBE-4A59-99E4-3CAA171EC240}"
EndProject
Project("{FAE04EC0-301F-11D3-BF4B-00C04F79EFBC}") = "FusionUI", "src\FusionUI\FusionUI.csproj", "{5A9C0854-BEE9-4721-97A6-ECB528B95C2C}"
EndProject
Project("{2150E333-8FDC-42A3-9474-1A3956D46DE8}") = "tests", "tests", "{0AB3BF05-4346-4AA6-1389-037BE0695223}"
EndProject
Project("{FAE04EC0-301F-11D3-BF4B-00C04F79EFBC}") = "FusionApp.Tests", "tests\FusionApp.Tests\FusionApp.Tests.csproj", "{977CC686-0C51-4E2E-B7FC-165D5F29C1C7}"
EndProject
Project("{FAE04EC0-301F-11D3-BF4B-00C04F79EFBC}") = "FusionConfig.Tests", "tests\FusionConfig.Tests\FusionConfig.Tests.csproj", "{E5E298C0-44E6-4B9B-A79B-44DFE9FD7BF1}"
EndProject
Project("{FAE04EC0-301F-11D3-BF4B-00C04F79EFBC}") = "FusionDomain.Tests", "tests\FusionDomain.Tests\FusionDomain.Tests.csproj", "{4C597EA3-F8F2-4E36-9AC0-25633098F348}"
EndProject
Project("{FAE04EC0-301F-11D3-BF4B-00C04F79EFBC}") = "FusionEquipment.Abstractions.Tests", "tests\FusionEquipment.Abstractions.Tests\FusionEquipment.Abstractions.Tests.csproj", "{FD973500-5EFD-47FC-95C3-8178C13540DD}"
EndProject
Project("{FAE04EC0-301F-11D3-BF4B-00C04F79EFBC}") = "FusionFA.Tests", "tests\FusionFA.Tests\FusionFA.Tests.csproj", "{E0CD7C96-98A5-4212-9EB1-AE7FEBE205F1}"
EndProject
Project("{FAE04EC0-301F-11D3-BF4B-00C04F79EFBC}") = "FusionKernel.Tests", "tests\FusionKernel.Tests\FusionKernel.Tests.csproj", "{6555A21E-FB88-48B5-89FA-87AF5E20322B}"
EndProject
Project("{FAE04EC0-301F-11D3-BF4B-00C04F79EFBC}") = "FusionLog.Tests", "tests\FusionLog.Tests\FusionLog.Tests.csproj", "{A70D5DEC-F95A-4BFB-A00D-24617D67D4E6}"
EndProject
Project("{FAE04EC0-301F-11D3-BF4B-00C04F79EFBC}") = "FusionScheduler.Tests", "tests\FusionScheduler.Tests\FusionScheduler.Tests.csproj", "{C1BCC72F-E3EA-4E76-BC07-9513A1B15B17}"
EndProject
Project("{FAE04EC0-301F-11D3-BF4B-00C04F79EFBC}") = "FusionUI.Tests", "tests\FusionUI.Tests\FusionUI.Tests.csproj", "{669420E1-D718-4C1E-8B55-C4A7AC0D76D9}"
EndProject
Project("{FAE04EC0-301F-11D3-BF4B-00C04F79EFBC}") = "FusionData", "src\FusionData\FusionData.csproj", "{B69774F4-4BBF-4735-ADD2-1443B84C5535}"
EndProject
Project("{FAE04EC0-301F-11D3-BF4B-00C04F79EFBC}") = "FusionData.Tests", "tests\FusionData.Tests\FusionData.Tests.csproj", "{175E3B9F-C9D0-409F-9678-35A879D00E24}"
EndProject
Project("{FAE04EC0-301F-11D3-BF4B-00C04F79EFBC}") = "FusionStudio", "src\FusionStudio\FusionStudio.csproj", "{338D2F5B-B2D3-4AFC-8FA6-18D9E3B9FF78}"
EndProject
Project("{FAE04EC0-301F-11D3-BF4B-00C04F79EFBC}") = "FusionStudio.Tests", "tests\FusionStudio.Tests\FusionStudio.Tests.csproj", "{A689B533-C495-4A34-9E3E-95F173CC211A}"
EndProject
Global
	GlobalSection(SolutionConfigurationPlatforms) = preSolution
		Debug|Any CPU = Debug|Any CPU
		Debug|x64 = Debug|x64
		Debug|x86 = Debug|x86
		Release|Any CPU = Release|Any CPU
		Release|x64 = Release|x64
		Release|x86 = Release|x86
	EndGlobalSection
	GlobalSection(ProjectConfigurationPlatforms) = postSolution
		{E333B9B1-F0FC-43D3-AE5C-BFD101C909F1}.Debug|Any CPU.ActiveCfg = Debug|Any CPU
		{E333B9B1-F0FC-43D3-AE5C-BFD101C909F1}.Debug|Any CPU.Build.0 = Debug|Any CPU
		{E333B9B1-F0FC-43D3-AE5C-BFD101C909F1}.Debug|x64.ActiveCfg = Debug|Any CPU
		{E333B9B1-F0FC-43D3-AE5C-BFD101C909F1}.Debug|x64.Build.0 = Debug|Any CPU
		{E333B9B1-F0FC-43D3-AE5C-BFD101C909F1}.Debug|x86.ActiveCfg = Debug|Any CPU
		{E333B9B1-F0FC-43D3-AE5C-BFD101C909F1}.Debug|x86.Build.0 = Debug|Any CPU
		{E333B9B1-F0FC-43D3-AE5C-BFD101C909F1}.Release|Any CPU.ActiveCfg = Release|Any CPU
		{E333B9B1-F0FC-43D3-AE5C-BFD101C909F1}.Release|Any CPU.Build.0 = Release|Any CPU
		{E333B9B1-F0FC-43D3-AE5C-BFD101C909F1}.Release|x64.ActiveCfg = Release|Any CPU
		{E333B9B1-F0FC-43D3-AE5C-BFD101C909F1}.Release|x64.Build.0 = Release|Any CPU
		{E333B9B1-F0FC-43D3-AE5C-BFD101C909F1}.Release|x86.ActiveCfg = Release|Any CPU
		{E333B9B1-F0FC-43D3-AE5C-BFD101C909F1}.Release|x86.Build.0 = Release|Any CPU
		{2E01C416-08D2-4770-9440-36510923A609}.Debug|Any CPU.ActiveCfg = Debug|Any CPU
		{2E01C416-08D2-4770-9440-36510923A609}.Debug|Any CPU.Build.0 = Debug|Any CPU
		{2E01C416-08D2-4770-9440-36510923A609}.Debug|x64.ActiveCfg = Debug|Any CPU
		{2E01C416-08D2-4770-9440-36510923A609}.Debug|x64.Build.0 = Debug|Any CPU
		{2E01C416-08D2-4770-9440-36510923A609}.Debug|x86.ActiveCfg = Debug|Any CPU
		{2E01C416-08D2-4770-9440-36510923A609}.Debug|x86.Build.0 = Debug|Any CPU
		{2E01C416-08D2-4770-9440-36510923A609}.Release|Any CPU.ActiveCfg = Release|Any CPU
		{2E01C416-08D2-4770-9440-36510923A609}.Release|Any CPU.Build.0 = Release|Any CPU
		{2E01C416-08D2-4770-9440-36510923A609}.Release|x64.ActiveCfg = Release|Any CPU
		{2E01C416-08D2-4770-9440-36510923A609}.Release|x64.Build.0 = Release|Any CPU
		{2E01C416-08D2-4770-9440-36510923A609}.Release|x86.ActiveCfg = Release|Any CPU
		{2E01C416-08D2-4770-9440-36510923A609}.Release|x86.Build.0 = Release|Any CPU
		{510F32BA-0A1B-4A88-81C3-9ADE2220A40A}.Debug|Any CPU.ActiveCfg = Debug|Any CPU
		{510F32BA-0A1B-4A88-81C3-9ADE2220A40A}.Debug|Any CPU.Build.0 = Debug|Any CPU
		{510F32BA-0A1B-4A88-81C3-9ADE2220A40A}.Debug|x64.ActiveCfg = Debug|Any CPU
		{510F32BA-0A1B-4A88-81C3-9ADE2220A40A}.Debug|x64.Build.0 = Debug|Any CPU
		{510F32BA-0A1B-4A88-81C3-9ADE2220A40A}.Debug|x86.ActiveCfg = Debug|Any CPU
		{510F32BA-0A1B-4A88-81C3-9ADE2220A40A}.Debug|x86.Build.0 = Debug|Any CPU
		{510F32BA-0A1B-4A88-81C3-9ADE2220A40A}.Release|Any CPU.ActiveCfg = Release|Any CPU
		{510F32BA-0A1B-4A88-81C3-9ADE2220A40A}.Release|Any CPU.Build.0 = Release|Any CPU
		{510F32BA-0A1B-4A88-81C3-9ADE2220A40A}.Release|x64.ActiveCfg = Release|Any CPU
		{510F32BA-0A1B-4A88-81C3-9ADE2220A40A}.Release|x64.Build.0 = Release|Any CPU
		{510F32BA-0A1B-4A88-81C3-9ADE2220A40A}.Release|x86.ActiveCfg = Release|Any CPU
		{510F32BA-0A1B-4A88-81C3-9ADE2220A40A}.Release|x86.Build.0 = Release|Any CPU
		{D1959DBC-63D2-472B-B446-5C6CE740E449}.Debug|Any CPU.ActiveCfg = Debug|Any CPU
		{D1959DBC-63D2-472B-B446-5C6CE740E449}.Debug|Any CPU.Build.0 = Debug|Any CPU
		{D1959DBC-63D2-472B-B446-5C6CE740E449}.Debug|x64.ActiveCfg = Debug|Any CPU
		{D1959DBC-63D2-472B-B446-5C6CE740E449}.Debug|x64.Build.0 = Debug|Any CPU
		{D1959DBC-63D2-472B-B446-5C6CE740E449}.Debug|x86.ActiveCfg = Debug|Any CPU
		{D1959DBC-63D2-472B-B446-5C6CE740E449}.Debug|x86.Build.0 = Debug|Any CPU
		{D1959DBC-63D2-472B-B446-5C6CE740E449}.Release|Any CPU.ActiveCfg = Release|Any CPU
		{D1959DBC-63D2-472B-B446-5C6CE740E449}.Release|Any CPU.Build.0 = Release|Any CPU
		{D1959DBC-63D2-472B-B446-5C6CE740E449}.Release|x64.ActiveCfg = Release|Any CPU
		{D1959DBC-63D2-472B-B446-5C6CE740E449}.Release|x64.Build.0 = Release|Any CPU
		{D1959DBC-63D2-472B-B446-5C6CE740E449}.Release|x86.ActiveCfg = Release|Any CPU
		{D1959DBC-63D2-472B-B446-5C6CE740E449}.Release|x86.Build.0 = Release|Any CPU
		{68FB62DD-5339-4E65-BAE6-AE75EFAAB29F}.Debug|Any CPU.ActiveCfg = Debug|Any CPU
		{68FB62DD-5339-4E65-BAE6-AE75EFAAB29F}.Debug|Any CPU.Build.0 = Debug|Any CPU
		{68FB62DD-5339-4E65-BAE6-AE75EFAAB29F}.Debug|x64.ActiveCfg = Debug|Any CPU
		{68FB62DD-5339-4E65-BAE6-AE75EFAAB29F}.Debug|x64.Build.0 = Debug|Any CPU
		{68FB62DD-5339-4E65-BAE6-AE75EFAAB29F}.Debug|x86.ActiveCfg = Debug|Any CPU
		{68FB62DD-5339-4E65-BAE6-AE75EFAAB29F}.Debug|x86.Build.0 = Debug|Any CPU
		{68FB62DD-5339-4E65-BAE6-AE75EFAAB29F}.Release|Any CPU.ActiveCfg = Release|Any CPU
		{68FB62DD-5339-4E65-BAE6-AE75EFAAB29F}.Release|Any CPU.Build.0 = Release|Any CPU
		{68FB62DD-5339-4E65-BAE6-AE75EFAAB29F}.Release|x64.ActiveCfg = Release|Any CPU
		{68FB62DD-5339-4E65-BAE6-AE75EFAAB29F}.Release|x64.Build.0 = Release|Any CPU
		{68FB62DD-5339-4E65-BAE6-AE75EFAAB29F}.Release|x86.ActiveCfg = Release|Any CPU
		{68FB62DD-5339-4E65-BAE6-AE75EFAAB29F}.Release|x86.Build.0 = Release|Any CPU
		{6FE01D0D-7905-48E2-B12F-875501FC38A1}.Debug|Any CPU.ActiveCfg = Debug|Any CPU
		{6FE01D0D-7905-48E2-B12F-875501FC38A1}.Debug|Any CPU.Build.0 = Debug|Any CPU
		{6FE01D0D-7905-48E2-B12F-875501FC38A1}.Debug|x64.ActiveCfg = Debug|Any CPU
		{6FE01D0D-7905-48E2-B12F-875501FC38A1}.Debug|x64.Build.0 = Debug|Any CPU
		{6FE01D0D-7905-48E2-B12F-875501FC38A1}.Debug|x86.ActiveCfg = Debug|Any CPU
		{6FE01D0D-7905-48E2-B12F-875501FC38A1}.Debug|x86.Build.0 = Debug|Any CPU
		{6FE01D0D-7905-48E2-B12F-875501FC38A1}.Release|Any CPU.ActiveCfg = Release|Any CPU
		{6FE01D0D-7905-48E2-B12F-875501FC38A1}.Release|Any CPU.Build.0 = Release|Any CPU
		{6FE01D0D-7905-48E2-B12F-875501FC38A1}.Release|x64.ActiveCfg = Release|Any CPU
		{6FE01D0D-7905-48E2-B12F-875501FC38A1}.Release|x64.Build.0 = Release|Any CPU
		{6FE01D0D-7905-48E2-B12F-875501FC38A1}.Release|x86.ActiveCfg = Release|Any CPU
		{6FE01D0D-7905-48E2-B12F-875501FC38A1}.Release|x86.Build.0 = Release|Any CPU
		{6DA59B32-0FAA-48F2-825E-42D75DAAC145}.Debug|Any CPU.ActiveCfg = Debug|Any CPU
		{6DA59B32-0FAA-48F2-825E-42D75DAAC145}.Debug|Any CPU.Build.0 = Debug|Any CPU
		{6DA59B32-0FAA-48F2-825E-42D75DAAC145}.Debug|x64.ActiveCfg = Debug|Any CPU
		{6DA59B32-0FAA-48F2-825E-42D75DAAC145}.Debug|x64.Build.0 = Debug|Any CPU
		{6DA59B32-0FAA-48F2-825E-42D75DAAC145}.Debug|x86.ActiveCfg = Debug|Any CPU
		{6DA59B32-0FAA-48F2-825E-42D75DAAC145}.Debug|x86.Build.0 = Debug|Any CPU
		{6DA59B32-0FAA-48F2-825E-42D75DAAC145}.Release|Any CPU.ActiveCfg = Release|Any CPU
		{6DA59B32-0FAA-48F2-825E-42D75DAAC145}.Release|Any CPU.Build.0 = Release|Any CPU
		{6DA59B32-0FAA-48F2-825E-42D75DAAC145}.Release|x64.ActiveCfg = Release|Any CPU
		{6DA59B32-0FAA-48F2-825E-42D75DAAC145}.Release|x64.Build.0 = Release|Any CPU
		{6DA59B32-0FAA-48F2-825E-42D75DAAC145}.Release|x86.ActiveCfg = Release|Any CPU
		{6DA59B32-0FAA-48F2-825E-42D75DAAC145}.Release|x86.Build.0 = Release|Any CPU
		{662C0F4B-EBBE-4A59-99E4-3CAA171EC240}.Debug|Any CPU.ActiveCfg = Debug|Any CPU
		{662C0F4B-EBBE-4A59-99E4-3CAA171EC240}.Debug|Any CPU.Build.0 = Debug|Any CPU
		{662C0F4B-EBBE-4A59-99E4-3CAA171EC240}.Debug|x64.ActiveCfg = Debug|Any CPU
		{662C0F4B-EBBE-4A59-99E4-3CAA171EC240}.Debug|x64.Build.0 = Debug|Any CPU
		{662C0F4B-EBBE-4A59-99E4-3CAA171EC240}.Debug|x86.ActiveCfg = Debug|Any CPU
		{662C0F4B-EBBE-4A59-99E4-3CAA171EC240}.Debug|x86.Build.0 = Debug|Any CPU
		{662C0F4B-EBBE-4A59-99E4-3CAA171EC240}.Release|Any CPU.ActiveCfg = Release|Any CPU
		{662C0F4B-EBBE-4A59-99E4-3CAA171EC240}.Release|Any CPU.Build.0 = Release|Any CPU
		{662C0F4B-EBBE-4A59-99E4-3CAA171EC240}.Release|x64.ActiveCfg = Release|Any CPU
		{662C0F4B-EBBE-4A59-99E4-3CAA171EC240}.Release|x64.Build.0 = Release|Any CPU
		{662C0F4B-EBBE-4A59-99E4-3CAA171EC240}.Release|x86.ActiveCfg = Release|Any CPU
		{662C0F4B-EBBE-4A59-99E4-3CAA171EC240}.Release|x86.Build.0 = Release|Any CPU
		{5A9C0854-BEE9-4721-97A6-ECB528B95C2C}.Debug|Any CPU.ActiveCfg = Debug|Any CPU
		{5A9C0854-BEE9-4721-97A6-ECB528B95C2C}.Debug|Any CPU.Build.0 = Debug|Any CPU
		{5A9C0854-BEE9-4721-97A6-ECB528B95C2C}.Debug|x64.ActiveCfg = Debug|Any CPU
		{5A9C0854-BEE9-4721-97A6-ECB528B95C2C}.Debug|x64.Build.0 = Debug|Any CPU
		{5A9C0854-BEE9-4721-97A6-ECB528B95C2C}.Debug|x86.ActiveCfg = Debug|Any CPU
		{5A9C0854-BEE9-4721-97A6-ECB528B95C2C}.Debug|x86.Build.0 = Debug|Any CPU
		{5A9C0854-BEE9-4721-97A6-ECB528B95C2C}.Release|Any CPU.ActiveCfg = Release|Any CPU
		{5A9C0854-BEE9-4721-97A6-ECB528B95C2C}.Release|Any CPU.Build.0 = Release|Any CPU
		{5A9C0854-BEE9-4721-97A6-ECB528B95C2C}.Release|x64.ActiveCfg = Release|Any CPU
		{5A9C0854-BEE9-4721-97A6-ECB528B95C2C}.Release|x64.Build.0 = Release|Any CPU
		{5A9C0854-BEE9-4721-97A6-ECB528B95C2C}.Release|x86.ActiveCfg = Release|Any CPU
		{5A9C0854-BEE9-4721-97A6-ECB528B95C2C}.Release|x86.Build.0 = Release|Any CPU
		{977CC686-0C51-4E2E-B7FC-165D5F29C1C7}.Debug|Any CPU.ActiveCfg = Debug|Any CPU
		{977CC686-0C51-4E2E-B7FC-165D5F29C1C7}.Debug|Any CPU.Build.0 = Debug|Any CPU
		{977CC686-0C51-4E2E-B7FC-165D5F29C1C7}.Debug|x64.ActiveCfg = Debug|Any CPU
		{977CC686-0C51-4E2E-B7FC-165D5F29C1C7}.Debug|x64.Build.0 = Debug|Any CPU
		{977CC686-0C51-4E2E-B7FC-165D5F29C1C7}.Debug|x86.ActiveCfg = Debug|Any CPU
		{977CC686-0C51-4E2E-B7FC-165D5F29C1C7}.Debug|x86.Build.0 = Debug|Any CPU
		{977CC686-0C51-4E2E-B7FC-165D5F29C1C7}.Release|Any CPU.ActiveCfg = Release|Any CPU
		{977CC686-0C51-4E2E-B7FC-165D5F29C1C7}.Release|Any CPU.Build.0 = Release|Any CPU
		{977CC686-0C51-4E2E-B7FC-165D5F29C1C7}.Release|x64.ActiveCfg = Release|Any CPU
		{977CC686-0C51-4E2E-B7FC-165D5F29C1C7}.Release|x64.Build.0 = Release|Any CPU
		{977CC686-0C51-4E2E-B7FC-165D5F29C1C7}.Release|x86.ActiveCfg = Release|Any CPU
		{977CC686-0C51-4E2E-B7FC-165D5F29C1C7}.Release|x86.Build.0 = Release|Any CPU
		{E5E298C0-44E6-4B9B-A79B-44DFE9FD7BF1}.Debug|Any CPU.ActiveCfg = Debug|Any CPU
		{E5E298C0-44E6-4B9B-A79B-44DFE9FD7BF1}.Debug|Any CPU.Build.0 = Debug|Any CPU
		{E5E298C0-44E6-4B9B-A79B-44DFE9FD7BF1}.Debug|x64.ActiveCfg = Debug|Any CPU
		{E5E298C0-44E6-4B9B-A79B-44DFE9FD7BF1}.Debug|x64.Build.0 = Debug|Any CPU
		{E5E298C0-44E6-4B9B-A79B-44DFE9FD7BF1}.Debug|x86.ActiveCfg = Debug|Any CPU
		{E5E298C0-44E6-4B9B-A79B-44DFE9FD7BF1}.Debug|x86.Build.0 = Debug|Any CPU
		{E5E298C0-44E6-4B9B-A79B-44DFE9FD7BF1}.Release|Any CPU.ActiveCfg = Release|Any CPU
		{E5E298C0-44E6-4B9B-A79B-44DFE9FD7BF1}.Release|Any CPU.Build.0 = Release|Any CPU
		{E5E298C0-44E6-4B9B-A79B-44DFE9FD7BF1}.Release|x64.ActiveCfg = Release|Any CPU
		{E5E298C0-44E6-4B9B-A79B-44DFE9FD7BF1}.Release|x64.Build.0 = Release|Any CPU
		{E5E298C0-44E6-4B9B-A79B-44DFE9FD7BF1}.Release|x86.ActiveCfg = Release|Any CPU
		{E5E298C0-44E6-4B9B-A79B-44DFE9FD7BF1}.Release|x86.Build.0 = Release|Any CPU
		{4C597EA3-F8F2-4E36-9AC0-25633098F348}.Debug|Any CPU.ActiveCfg = Debug|Any CPU
		{4C597EA3-F8F2-4E36-9AC0-25633098F348}.Debug|Any CPU.Build.0 = Debug|Any CPU
		{4C597EA3-F8F2-4E36-9AC0-25633098F348}.Debug|x64.ActiveCfg = Debug|Any CPU
		{4C597EA3-F8F2-4E36-9AC0-25633098F348}.Debug|x64.Build.0 = Debug|Any CPU
		{4C597EA3-F8F2-4E36-9AC0-25633098F348}.Debug|x86.ActiveCfg = Debug|Any CPU
		{4C597EA3-F8F2-4E36-9AC0-25633098F348}.Debug|x86.Build.0 = Debug|Any CPU
		{4C597EA3-F8F2-4E36-9AC0-25633098F348}.Release|Any CPU.ActiveCfg = Release|Any CPU
		{4C597EA3-F8F2-4E36-9AC0-25633098F348}.Release|Any CPU.Build.0 = Release|Any CPU
		{4C597EA3-F8F2-4E36-9AC0-25633098F348}.Release|x64.ActiveCfg = Release|Any CPU
		{4C597EA3-F8F2-4E36-9AC0-25633098F348}.Release|x64.Build.0 = Release|Any CPU
		{4C597EA3-F8F2-4E36-9AC0-25633098F348}.Release|x86.ActiveCfg = Release|Any CPU
		{4C597EA3-F8F2-4E36-9AC0-25633098F348}.Release|x86.Build.0 = Release|Any CPU
		{FD973500-5EFD-47FC-95C3-8178C13540DD}.Debug|Any CPU.ActiveCfg = Debug|Any CPU
		{FD973500-5EFD-47FC-95C3-8178C13540DD}.Debug|Any CPU.Build.0 = Debug|Any CPU
		{FD973500-5EFD-47FC-95C3-8178C13540DD}.Debug|x64.ActiveCfg = Debug|Any CPU
		{FD973500-5EFD-47FC-95C3-8178C13540DD}.Debug|x64.Build.0 = Debug|Any CPU
		{FD973500-5EFD-47FC-95C3-8178C13540DD}.Debug|x86.ActiveCfg = Debug|Any CPU
		{FD973500-5EFD-47FC-95C3-8178C13540DD}.Debug|x86.Build.0 = Debug|Any CPU
		{FD973500-5EFD-47FC-95C3-8178C13540DD}.Release|Any CPU.ActiveCfg = Release|Any CPU
		{FD973500-5EFD-47FC-95C3-8178C13540DD}.Release|Any CPU.Build.0 = Release|Any CPU
		{FD973500-5EFD-47FC-95C3-8178C13540DD}.Release|x64.ActiveCfg = Release|Any CPU
		{FD973500-5EFD-47FC-95C3-8178C13540DD}.Release|x64.Build.0 = Release|Any CPU
		{FD973500-5EFD-47FC-95C3-8178C13540DD}.Release|x86.ActiveCfg = Release|Any CPU
		{FD973500-5EFD-47FC-95C3-8178C13540DD}.Release|x86.Build.0 = Release|Any CPU
		{E0CD7C96-98A5-4212-9EB1-AE7FEBE205F1}.Debug|Any CPU.ActiveCfg = Debug|Any CPU
		{E0CD7C96-98A5-4212-9EB1-AE7FEBE205F1}.Debug|Any CPU.Build.0 = Debug|Any CPU
		{E0CD7C96-98A5-4212-9EB1-AE7FEBE205F1}.Debug|x64.ActiveCfg = Debug|Any CPU
		{E0CD7C96-98A5-4212-9EB1-AE7FEBE205F1}.Debug|x64.Build.0 = Debug|Any CPU
		{E0CD7C96-98A5-4212-9EB1-AE7FEBE205F1}.Debug|x86.ActiveCfg = Debug|Any CPU
		{E0CD7C96-98A5-4212-9EB1-AE7FEBE205F1}.Debug|x86.Build.0 = Debug|Any CPU
		{E0CD7C96-98A5-4212-9EB1-AE7FEBE205F1}.Release|Any CPU.ActiveCfg = Release|Any CPU
		{E0CD7C96-98A5-4212-9EB1-AE7FEBE205F1}.Release|Any CPU.Build.0 = Release|Any CPU
		{E0CD7C96-98A5-4212-9EB1-AE7FEBE205F1}.Release|x64.ActiveCfg = Release|Any CPU
		{E0CD7C96-98A5-4212-9EB1-AE7FEBE205F1}.Release|x64.Build.0 = Release|Any CPU
		{E0CD7C96-98A5-4212-9EB1-AE7FEBE205F1}.Release|x86.ActiveCfg = Release|Any CPU
		{E0CD7C96-98A5-4212-9EB1-AE7FEBE205F1}.Release|x86.Build.0 = Release|Any CPU
		{6555A21E-FB88-48B5-89FA-87AF5E20322B}.Debug|Any CPU.ActiveCfg = Debug|Any CPU
		{6555A21E-FB88-48B5-89FA-87AF5E20322B}.Debug|Any CPU.Build.0 = Debug|Any CPU
		{6555A21E-FB88-48B5-89FA-87AF5E20322B}.Debug|x64.ActiveCfg = Debug|Any CPU
		{6555A21E-FB88-48B5-89FA-87AF5E20322B}.Debug|x64.Build.0 = Debug|Any CPU
		{6555A21E-FB88-48B5-89FA-87AF5E20322B}.Debug|x86.ActiveCfg = Debug|Any CPU
		{6555A21E-FB88-48B5-89FA-87AF5E20322B}.Debug|x86.Build.0 = Debug|Any CPU
		{6555A21E-FB88-48B5-89FA-87AF5E20322B}.Release|Any CPU.ActiveCfg = Release|Any CPU
		{6555A21E-FB88-48B5-89FA-87AF5E20322B}.Release|Any CPU.Build.0 = Release|Any CPU
		{6555A21E-FB88-48B5-89FA-87AF5E20322B}.Release|x64.ActiveCfg = Release|Any CPU
		{6555A21E-FB88-48B5-89FA-87AF5E20322B}.Release|x64.Build.0 = Release|Any CPU
		{6555A21E-FB88-48B5-89FA-87AF5E20322B}.Release|x86.ActiveCfg = Release|Any CPU
		{6555A21E-FB88-48B5-89FA-87AF5E20322B}.Release|x86.Build.0 = Release|Any CPU
		{A70D5DEC-F95A-4BFB-A00D-24617D67D4E6}.Debug|Any CPU.ActiveCfg = Debug|Any CPU
		{A70D5DEC-F95A-4BFB-A00D-24617D67D4E6}.Debug|Any CPU.Build.0 = Debug|Any CPU
		{A70D5DEC-F95A-4BFB-A00D-24617D67D4E6}.Debug|x64.ActiveCfg = Debug|Any CPU
		{A70D5DEC-F95A-4BFB-A00D-24617D67D4E6}.Debug|x64.Build.0 = Debug|Any CPU
		{A70D5DEC-F95A-4BFB-A00D-24617D67D4E6}.Debug|x86.ActiveCfg = Debug|Any CPU
		{A70D5DEC-F95A-4BFB-A00D-24617D67D4E6}.Debug|x86.Build.0 = Debug|Any CPU
		{A70D5DEC-F95A-4BFB-A00D-24617D67D4E6}.Release|Any CPU.ActiveCfg = Release|Any CPU
		{A70D5DEC-F95A-4BFB-A00D-24617D67D4E6}.Release|Any CPU.Build.0 = Release|Any CPU
		{A70D5DEC-F95A-4BFB-A00D-24617D67D4E6}.Release|x64.ActiveCfg = Release|Any CPU
		{A70D5DEC-F95A-4BFB-A00D-24617D67D4E6}.Release|x64.Build.0 = Release|Any CPU
		{A70D5DEC-F95A-4BFB-A00D-24617D67D4E6}.Release|x86.ActiveCfg = Release|Any CPU
		{A70D5DEC-F95A-4BFB-A00D-24617D67D4E6}.Release|x86.Build.0 = Release|Any CPU
		{C1BCC72F-E3EA-4E76-BC07-9513A1B15B17}.Debug|Any CPU.ActiveCfg = Debug|Any CPU
		{C1BCC72F-E3EA-4E76-BC07-9513A1B15B17}.Debug|Any CPU.Build.0 = Debug|Any CPU
		{C1BCC72F-E3EA-4E76-BC07-9513A1B15B17}.Debug|x64.ActiveCfg = Debug|Any CPU
		{C1BCC72F-E3EA-4E76-BC07-9513A1B15B17}.Debug|x64.Build.0 = Debug|Any CPU
		{C1BCC72F-E3EA-4E76-BC07-9513A1B15B17}.Debug|x86.ActiveCfg = Debug|Any CPU
		{C1BCC72F-E3EA-4E76-BC07-9513A1B15B17}.Debug|x86.Build.0 = Debug|Any CPU
		{C1BCC72F-E3EA-4E76-BC07-9513A1B15B17}.Release|Any CPU.ActiveCfg = Release|Any CPU
		{C1BCC72F-E3EA-4E76-BC07-9513A1B15B17}.Release|Any CPU.Build.0 = Release|Any CPU
		{C1BCC72F-E3EA-4E76-BC07-9513A1B15B17}.Release|x64.ActiveCfg = Release|Any CPU
		{C1BCC72F-E3EA-4E76-BC07-9513A1B15B17}.Release|x64.Build.0 = Release|Any CPU
		{C1BCC72F-E3EA-4E76-BC07-9513A1B15B17}.Release|x86.ActiveCfg = Release|Any CPU
		{C1BCC72F-E3EA-4E76-BC07-9513A1B15B17}.Release|x86.Build.0 = Release|Any CPU
		{669420E1-D718-4C1E-8B55-C4A7AC0D76D9}.Debug|Any CPU.ActiveCfg = Debug|Any CPU
		{669420E1-D718-4C1E-8B55-C4A7AC0D76D9}.Debug|Any CPU.Build.0 = Debug|Any CPU
		{669420E1-D718-4C1E-8B55-C4A7AC0D76D9}.Debug|x64.ActiveCfg = Debug|Any CPU
		{669420E1-D718-4C1E-8B55-C4A7AC0D76D9}.Debug|x64.Build.0 = Debug|Any CPU
		{669420E1-D718-4C1E-8B55-C4A7AC0D76D9}.Debug|x86.ActiveCfg = Debug|Any CPU
		{669420E1-D718-4C1E-8B55-C4A7AC0D76D9}.Debug|x86.Build.0 = Debug|Any CPU
		{669420E1-D718-4C1E-8B55-C4A7AC0D76D9}.Release|Any CPU.ActiveCfg = Release|Any CPU
		{669420E1-D718-4C1E-8B55-C4A7AC0D76D9}.Release|Any CPU.Build.0 = Release|Any CPU
		{669420E1-D718-4C1E-8B55-C4A7AC0D76D9}.Release|x64.ActiveCfg = Release|Any CPU
		{669420E1-D718-4C1E-8B55-C4A7AC0D76D9}.Release|x64.Build.0 = Release|Any CPU
		{669420E1-D718-4C1E-8B55-C4A7AC0D76D9}.Release|x86.ActiveCfg = Release|Any CPU
		{669420E1-D718-4C1E-8B55-C4A7AC0D76D9}.Release|x86.Build.0 = Release|Any CPU
		{B69774F4-4BBF-4735-ADD2-1443B84C5535}.Debug|Any CPU.ActiveCfg = Debug|Any CPU
		{B69774F4-4BBF-4735-ADD2-1443B84C5535}.Debug|Any CPU.Build.0 = Debug|Any CPU
		{B69774F4-4BBF-4735-ADD2-1443B84C5535}.Debug|x64.ActiveCfg = Debug|Any CPU
		{B69774F4-4BBF-4735-ADD2-1443B84C5535}.Debug|x64.Build.0 = Debug|Any CPU
		{B69774F4-4BBF-4735-ADD2-1443B84C5535}.Debug|x86.ActiveCfg = Debug|Any CPU
		{B69774F4-4BBF-4735-ADD2-1443B84C5535}.Debug|x86.Build.0 = Debug|Any CPU
		{B69774F4-4BBF-4735-ADD2-1443B84C5535}.Release|Any CPU.ActiveCfg = Release|Any CPU
		{B69774F4-4BBF-4735-ADD2-1443B84C5535}.Release|Any CPU.Build.0 = Release|Any CPU
		{B69774F4-4BBF-4735-ADD2-1443B84C5535}.Release|x64.ActiveCfg = Release|Any CPU
		{B69774F4-4BBF-4735-ADD2-1443B84C5535}.Release|x64.Build.0 = Release|Any CPU
		{B69774F4-4BBF-4735-ADD2-1443B84C5535}.Release|x86.ActiveCfg = Release|Any CPU
		{B69774F4-4BBF-4735-ADD2-1443B84C5535}.Release|x86.Build.0 = Release|Any CPU
		{175E3B9F-C9D0-409F-9678-35A879D00E24}.Debug|Any CPU.ActiveCfg = Debug|Any CPU
		{175E3B9F-C9D0-409F-9678-35A879D00E24}.Debug|Any CPU.Build.0 = Debug|Any CPU
		{175E3B9F-C9D0-409F-9678-35A879D00E24}.Debug|x64.ActiveCfg = Debug|Any CPU
		{175E3B9F-C9D0-409F-9678-35A879D00E24}.Debug|x64.Build.0 = Debug|Any CPU
		{175E3B9F-C9D0-409F-9678-35A879D00E24}.Debug|x86.ActiveCfg = Debug|Any CPU
		{175E3B9F-C9D0-409F-9678-35A879D00E24}.Debug|x86.Build.0 = Debug|Any CPU
		{175E3B9F-C9D0-409F-9678-35A879D00E24}.Release|Any CPU.ActiveCfg = Release|Any CPU
		{175E3B9F-C9D0-409F-9678-35A879D00E24}.Release|Any CPU.Build.0 = Release|Any CPU
		{175E3B9F-C9D0-409F-9678-35A879D00E24}.Release|x64.ActiveCfg = Release|Any CPU
		{175E3B9F-C9D0-409F-9678-35A879D00E24}.Release|x64.Build.0 = Release|Any CPU
		{175E3B9F-C9D0-409F-9678-35A879D00E24}.Release|x86.ActiveCfg = Release|Any CPU
		{175E3B9F-C9D0-409F-9678-35A879D00E24}.Release|x86.Build.0 = Release|Any CPU
		{338D2F5B-B2D3-4AFC-8FA6-18D9E3B9FF78}.Debug|Any CPU.ActiveCfg = Debug|Any CPU
		{338D2F5B-B2D3-4AFC-8FA6-18D9E3B9FF78}.Debug|Any CPU.Build.0 = Debug|Any CPU
		{338D2F5B-B2D3-4AFC-8FA6-18D9E3B9FF78}.Debug|x64.ActiveCfg = Debug|Any CPU
		{338D2F5B-B2D3-4AFC-8FA6-18D9E3B9FF78}.Debug|x64.Build.0 = Debug|Any CPU
		{338D2F5B-B2D3-4AFC-8FA6-18D9E3B9FF78}.Debug|x86.ActiveCfg = Debug|Any CPU
		{338D2F5B-B2D3-4AFC-8FA6-18D9E3B9FF78}.Debug|x86.Build.0 = Debug|Any CPU
		{338D2F5B-B2D3-4AFC-8FA6-18D9E3B9FF78}.Release|Any CPU.ActiveCfg = Release|Any CPU
		{338D2F5B-B2D3-4AFC-8FA6-18D9E3B9FF78}.Release|Any CPU.Build.0 = Release|Any CPU
		{338D2F5B-B2D3-4AFC-8FA6-18D9E3B9FF78}.Release|x64.ActiveCfg = Release|Any CPU
		{338D2F5B-B2D3-4AFC-8FA6-18D9E3B9FF78}.Release|x64.Build.0 = Release|Any CPU
		{338D2F5B-B2D3-4AFC-8FA6-18D9E3B9FF78}.Release|x86.ActiveCfg = Release|Any CPU
		{338D2F5B-B2D3-4AFC-8FA6-18D9E3B9FF78}.Release|x86.Build.0 = Release|Any CPU
		{A689B533-C495-4A34-9E3E-95F173CC211A}.Debug|Any CPU.ActiveCfg = Debug|Any CPU
		{A689B533-C495-4A34-9E3E-95F173CC211A}.Debug|Any CPU.Build.0 = Debug|Any CPU
		{A689B533-C495-4A34-9E3E-95F173CC211A}.Debug|x64.ActiveCfg = Debug|Any CPU
		{A689B533-C495-4A34-9E3E-95F173CC211A}.Debug|x64.Build.0 = Debug|Any CPU
		{A689B533-C495-4A34-9E3E-95F173CC211A}.Debug|x86.ActiveCfg = Debug|Any CPU
		{A689B533-C495-4A34-9E3E-95F173CC211A}.Debug|x86.Build.0 = Debug|Any CPU
		{A689B533-C495-4A34-9E3E-95F173CC211A}.Release|Any CPU.ActiveCfg = Release|Any CPU
		{A689B533-C495-4A34-9E3E-95F173CC211A}.Release|Any CPU.Build.0 = Release|Any CPU
		{A689B533-C495-4A34-9E3E-95F173CC211A}.Release|x64.ActiveCfg = Release|Any CPU
		{A689B533-C495-4A34-9E3E-95F173CC211A}.Release|x64.Build.0 = Release|Any CPU
		{A689B533-C495-4A34-9E3E-95F173CC211A}.Release|x86.ActiveCfg = Release|Any CPU
		{A689B533-C495-4A34-9E3E-95F173CC211A}.Release|x86.Build.0 = Release|Any CPU
	EndGlobalSection
	GlobalSection(SolutionProperties) = preSolution
		HideSolutionNode = FALSE
	EndGlobalSection
	GlobalSection(NestedProjects) = preSolution
		{E333B9B1-F0FC-43D3-AE5C-BFD101C909F1} = {827E0CD3-B72D-47B6-A68D-7590B98EB39B}
		{2E01C416-08D2-4770-9440-36510923A609} = {827E0CD3-B72D-47B6-A68D-7590B98EB39B}
		{510F32BA-0A1B-4A88-81C3-9ADE2220A40A} = {827E0CD3-B72D-47B6-A68D-7590B98EB39B}
		{D1959DBC-63D2-472B-B446-5C6CE740E449} = {827E0CD3-B72D-47B6-A68D-7590B98EB39B}
		{68FB62DD-5339-4E65-BAE6-AE75EFAAB29F} = {827E0CD3-B72D-47B6-A68D-7590B98EB39B}
		{6FE01D0D-7905-48E2-B12F-875501FC38A1} = {827E0CD3-B72D-47B6-A68D-7590B98EB39B}
		{6DA59B32-0FAA-48F2-825E-42D75DAAC145} = {827E0CD3-B72D-47B6-A68D-7590B98EB39B}
		{662C0F4B-EBBE-4A59-99E4-3CAA171EC240} = {827E0CD3-B72D-47B6-A68D-7590B98EB39B}
		{5A9C0854-BEE9-4721-97A6-ECB528B95C2C} = {827E0CD3-B72D-47B6-A68D-7590B98EB39B}
		{977CC686-0C51-4E2E-B7FC-165D5F29C1C7} = {0AB3BF05-4346-4AA6-1389-037BE0695223}
		{E5E298C0-44E6-4B9B-A79B-44DFE9FD7BF1} = {0AB3BF05-4346-4AA6-1389-037BE0695223}
		{4C597EA3-F8F2-4E36-9AC0-25633098F348} = {0AB3BF05-4346-4AA6-1389-037BE0695223}
		{FD973500-5EFD-47FC-95C3-8178C13540DD} = {0AB3BF05-4346-4AA6-1389-037BE0695223}
		{E0CD7C96-98A5-4212-9EB1-AE7FEBE205F1} = {0AB3BF05-4346-4AA6-1389-037BE0695223}
		{6555A21E-FB88-48B5-89FA-87AF5E20322B} = {0AB3BF05-4346-4AA6-1389-037BE0695223}
		{A70D5DEC-F95A-4BFB-A00D-24617D67D4E6} = {0AB3BF05-4346-4AA6-1389-037BE0695223}
		{C1BCC72F-E3EA-4E76-BC07-9513A1B15B17} = {0AB3BF05-4346-4AA6-1389-037BE0695223}
		{669420E1-D718-4C1E-8B55-C4A7AC0D76D9} = {0AB3BF05-4346-4AA6-1389-037BE0695223}
		{B69774F4-4BBF-4735-ADD2-1443B84C5535} = {827E0CD3-B72D-47B6-A68D-7590B98EB39B}
		{175E3B9F-C9D0-409F-9678-35A879D00E24} = {827E0CD3-B72D-47B6-A68D-7590B98EB39B}
		{338D2F5B-B2D3-4AFC-8FA6-18D9E3B9FF78} = {827E0CD3-B72D-47B6-A68D-7590B98EB39B}
		{A689B533-C495-4A34-9E3E-95F173CC211A} = {827E0CD3-B72D-47B6-A68D-7590B98EB39B}
	EndGlobalSection
EndGlobal
